
Microsoft Visual Studio Solution File, Format Version 12.00
# Visual Studio 15
VisualStudioVersion = 15.0.26730.8
MinimumVisualStudioVersion = 10.0.40219.1
Project("{FAE04EC0-301F-11D3-BF4B-00C04F79EFBC}") = "TrabajoPractico1", "WindowsFormsApp1\TrabajoPractico1.csproj", "{DC666331-9753-4E12-83B5-FC540075FFF1}"
EndProject
Global
	GlobalSection(SolutionConfigurationPlatforms) = preSolution
		Debug|Any CPU = Debug|Any CPU
		Release|Any CPU = Release|Any CPU
	EndGlobalSection
	GlobalSection(ProjectConfigurationPlatforms) = postSolution
		{DC666331-9753-4E12-83B5-FC540075FFF1}.Debug|Any CPU.ActiveCfg = Debug|Any CPU
		{DC666331-9753-4E12-83B5-FC540075FFF1}.Debug|Any CPU.Build.0 = Debug|Any CPU
		{DC666331-9753-4E12-83B5-FC540075FFF1}.Release|Any CPU.ActiveCfg = Release|Any CPU
		{DC666331-9753-4E12-83B5-FC540075FFF1}.Release|Any CPU.Build.0 = Release|Any CPU
	EndGlobalSection
	GlobalSection(SolutionProperties) = preSolution
		HideSolutionNode = FALSE
	EndGlobalSection
	GlobalSection(ExtensibilityGlobals) = postSolution
		SolutionGuid = {C91C2D87-E47C-4428-A444-F31BD23EC97D}
	EndGlobalSection
EndGlobal
